{
    "name": "dreamview",
    "version": "5.5.0",
    "lockfileVersion": 1,
    "requires": true,
    "dependencies": {
        "mobx-devtools-mst": {
            "version": "0.9.30",
            "resolved": "https://registry.npmjs.org/mobx-devtools-mst/-/mobx-devtools-mst-0.9.30.tgz",
            "integrity": "sha512-6fIYeFG4xT4syIeKddmK55zQbc3ZZZr/272/cCbfaAAM5YiuFdteGZGUgdsz8wxf/mGxWZbFOM3WmASAnpwrbw=="
        }
    }
}
